
Microsoft Visual Studio Solution File, Format Version 12.00
# Visual Studio Version 17
VisualStudioVersion = 17.9.34701.34
MinimumVisualStudioVersion = 10.0.40219.1
Project("{9A19103F-16F7-4668-BE54-9A1E7A4F7556}") = "CreateSelfSignedCert", "CreateSelfSignedCert.csproj", "{09F27854-6339-4640-9833-5C51F767D52B}"
EndProject
Global
	GlobalSection(SolutionConfigurationPlatforms) = preSolution
		Debug|Any CPU = Debug|Any CPU
		Release|Any CPU = Release|Any CPU
	EndGlobalSection
	GlobalSection(ProjectConfigurationPlatforms) = postSolution
		{09F27854-6339-4640-9833-5C51F767D52B}.Debug|Any CPU.ActiveCfg = Debug|Any CPU
		{09F27854-6339-4640-9833-5C51F767D52B}.Debug|Any CPU.Build.0 = Debug|Any CPU
		{09F27854-6339-4640-9833-5C51F767D52B}.Release|Any CPU.ActiveCfg = Release|Any CPU
		{09F27854-6339-4640-9833-5C51F767D52B}.Release|Any CPU.Build.0 = Release|Any CPU
	EndGlobalSection
	GlobalSection(SolutionProperties) = preSolution
		HideSolutionNode = FALSE
	EndGlobalSection
	GlobalSection(ExtensibilityGlobals) = postSolution
		SolutionGuid = {1215B713-FFF5-4FB3-804A-17713AA854D9}
	EndGlobalSection
EndGlobal
